// !$*UTF8*$!
{
	archiveVersion = 1;
	classes = {
	};
	objectVersion = 46;
	objects = {

/* Begin PBXBuildFile section */
		E922BB191ADA553400EEDA49 /* AddItemViewController.m in Sources */ = {isa = PBXBuildFile; fileRef = E922BB181ADA553400EEDA49 /* AddItemViewController.m */; };
		E973504F1AD94E7B00DE3A06 /* ChecklistItem.m in Sources */ = {isa = PBXBuildFile; fileRef = E973504E1AD94E7B00DE3A06 /* ChecklistItem.m */; };
		E9E8869B1AD54E63006ACEDF /* main.m in Sources */ = {isa = PBXBuildFile; fileRef = E9E8869A1AD54E63006ACEDF /* main.m */; };
		E9E8869E1AD54E63006ACEDF /* AppDelegate.m in Sources */ = {isa = PBXBuildFile; fileRef = E9E8869D1AD54E63006ACEDF /* AppDelegate.m */; };
		E9E886A11AD54E63006ACEDF /* ChecklistsViewController.m in Sources */ = {isa = PBXBuildFile; fileRef = E9E886A01AD54E63006ACEDF /* ChecklistsViewController.m */; };
		E9E886A41AD54E63006ACEDF /* Main.storyboard in Resources */ = {isa = PBXBuildFile; fileRef = E9E886A21AD54E63006ACEDF /* Main.storyboard */; };
		E9E886A61AD54E63006ACEDF /* Images.xcassets in Resources */ = {isa = PBXBuildFile; fileRef = E9E886A51AD54E63006ACEDF /* Images.xcassets */; };
		E9E886A91AD54E63006ACEDF /* LaunchScreen.xib in Resources */ = {isa = PBXBuildFile; fileRef = E9E886A71AD54E63006ACEDF /* LaunchScreen.xib */; };
		E9E886B51AD54E63006ACEDF /* ChecklistsTests.m in Sources */ = {isa = PBXBuildFile; fileRef = E9E886B41AD54E63006ACEDF /* ChecklistsTests.m */; };
/* End PBXBuildFile section */

/* Begin PBXContainerItemProxy section */
		E9E886AF1AD54E63006ACEDF /* PBXContainerItemProxy */ = {
			isa = PBXContainerItemProxy;
			containerPortal = E9E8868D1AD54E63006ACEDF /* Project object */;
			proxyType = 1;
			remoteGlobalIDString = E9E886941AD54E63006ACEDF;
			remoteInfo = Checklists;
		};
/* End PBXContainerItemProxy section */

/* Begin PBXFileReference section */
		E922BB171ADA553400EEDA49 /* AddItemViewController.h */ = {isa = PBXFileReference; fileEncoding = 4; lastKnownFileType = sourcecode.c.h; path = AddItemViewController.h; sourceTree = "<group>"; };
		E922BB181ADA553400EEDA49 /* AddItemViewController.m */ = {isa = PBXFileReference; fileEncoding = 4; lastKnownFileType = sourcecode.c.objc; path = AddItemViewController.m; sourceTree = "<group>"; };
		E973504D1AD94E7B00DE3A06 /* ChecklistItem.h */ = {isa = PBXFileReference; fileEncoding = 4; lastKnownFileType = sourcecode.c.h; name = ChecklistItem.h; path = ../ChecklistItem.h; sourceTree = "<group>"; };
		E973504E1AD94E7B00DE3A06 /* ChecklistItem.m */ = {isa = PBXFileReference; fileEncoding = 4; lastKnownFileType = sourcecode.c.objc; name = ChecklistItem.m; path = ../ChecklistItem.m; sourceTree = "<group>"; };
		E9E886951AD54E63006ACEDF /* Checklists.app */ = {isa = PBXFileReference; explicitFileType = wrapper.application; includeInIndex = 0; path = Checklists.app; sourceTree = BUILT_PRODUCTS_DIR; };
		E9E886991AD54E63006ACEDF /* Info.plist */ = {isa = PBXFileReference; lastKnownFileType = text.plist.xml; path = Info.plist; sourceTree = "<group>"; };
		E9E8869A1AD54E63006ACEDF /* main.m */ = {isa = PBXFileReference; lastKnownFileType = sourcecode.c.objc; path = main.m; sourceTree = "<group>"; };
		E9E8869C1AD54E63006ACEDF /* AppDelegate.h */ = {isa = PBXFileReference; lastKnownFileType = sourcecode.c.h; path = AppDelegate.h; sourceTree = "<group>"; };
		E9E8869D1AD54E63006ACEDF /* AppDelegate.m */ = {isa = PBXFileReference; lastKnownFileType = sourcecode.c.objc; path = AppDelegate.m; sourceTree = "<group>"; };
		E9E8869F1AD54E63006ACEDF /* ChecklistsViewController.h */ = {isa = PBXFileReference; lastKnownFileType = sourcecode.c.h; path = ChecklistsViewController.h; sourceTree = "<group>"; };
		E9E886A01AD54E63006ACEDF /* ChecklistsViewController.m */ = {isa = PBXFileReference; lastKnownFileType = sourcecode.c.objc; path = ChecklistsViewController.m; sourceTree = "<group>"; };
		E9E886A31AD54E63006ACEDF /* Base */ = {isa = PBXFileReference; lastKnownFileType = file.storyboard; name = Base; path = Base.lproj/Main.storyboard; sourceTree = "<group>"; };
		E9E886A51AD54E63006ACEDF /* Images.xcassets */ = {isa = PBXFileReference; lastKnownFileType = folder.assetcatalog; path = Images.xcassets; sourceTree = "<group>"; };
		E9E886A81AD54E63006ACEDF /* Base */ = {isa = PBXFileReference; lastKnownFileType = file.xib; name = Base; path = Base.lproj/LaunchScreen.xib; sourceTree = "<group>"; };
		E9E886AE1AD54E63006ACEDF /* ChecklistsTests.xctest */ = {isa = PBXFileReference; explicitFileType = wrapper.cfbundle; includeInIndex = 0; path = ChecklistsTests.xctest; sourceTree = BUILT_PRODUCTS_DIR; };
		E9E886B31AD54E63006ACEDF /* Info.plist */ = {isa = PBXFileReference; lastKnownFileType = text.plist.xml; path = Info.plist; sourceTree = "<group>"; };
		E9E886B41AD54E63006ACEDF /* ChecklistsTests.m */ = {isa = PBXFileReference; lastKnownFileType = sourcecode.c.objc; path = ChecklistsTests.m; sourceTree = "<group>"; };
/* End PBXFileReference section */

/* Begin PBXFrameworksBuildPhase section */
		E9E886921AD54E63006ACEDF /* Frameworks */ = {
			isa = PBXFrameworksBuildPhase;
			buildActionMask = 2147483647;
			files = (
			);
			runOnlyForDeploymentPostprocessing = 0;
		};
		E9E886AB1AD54E63006ACEDF /* Frameworks */ = {
			isa = PBXFrameworksBuildPhase;
			buildActionMask = 2147483647;
			files = (
			);
			runOnlyForDeploymentPostprocessing = 0;
		};
/* End PBXFrameworksBuildPhase section */

/* Begin PBXGroup section */
		E9E8868C1AD54E63006ACEDF = {
			isa = PBXGroup;
			children = (
				E9E886971AD54E63006ACEDF /* Checklists */,
				E9E886B11AD54E63006ACEDF /* ChecklistsTests */,
				E9E886961AD54E63006ACEDF /* Products */,
			);
			sourceTree = "<group>";
		};
		E9E886961AD54E63006ACEDF /* Products */ = {
			isa = PBXGroup;
			children = (
				E9E886951AD54E63006ACEDF /* Checklists.app */,
				E9E886AE1AD54E63006ACEDF /* ChecklistsTests.xctest */,
			);
			name = Products;
			sourceTree = "<group>";
		};
		E9E886971AD54E63006ACEDF /* Checklists */ = {
			isa = PBXGroup;
			children = (
				E973504D1AD94E7B00DE3A06 /* ChecklistItem.h */,
				E973504E1AD94E7B00DE3A06 /* ChecklistItem.m */,
				E9E8869C1AD54E63006ACEDF /* AppDelegate.h */,
				E9E8869D1AD54E63006ACEDF /* AppDelegate.m */,
				E9E8869F1AD54E63006ACEDF /* ChecklistsViewController.h */,
				E9E886A01AD54E63006ACEDF /* ChecklistsViewController.m */,
				E9E886A21AD54E63006ACEDF /* Main.storyboard */,
				E9E886A51AD54E63006ACEDF /* Images.xcassets */,
				E9E886A71AD54E63006ACEDF /* LaunchScreen.xib */,
				E9E886981AD54E63006ACEDF /* Supporting Files */,
				E922BB171ADA553400EEDA49 /* AddItemViewController.h */,
				E922BB181ADA553400EEDA49 /* AddItemViewController.m */,
			);
			path = Checklists;
			sourceTree = "<group>";
		};
		E9E886981AD54E63006ACEDF /* Supporting Files */ = {
			isa = PBXGroup;
			children = (
				E9E886991AD54E63006ACEDF /* Info.plist */,
				E9E8869A1AD54E63006ACEDF /* main.m */,
			);
			name = "Supporting Files";
			sourceTree = "<group>";
		};
		E9E886B11AD54E63006ACEDF /* ChecklistsTests */ = {
			isa = PBXGroup;
			children = (
				E9E886B41AD54E63006ACEDF /* ChecklistsTests.m */,
				E9E886B21AD54E63006ACEDF /* Supporting Files */,
			);
			path = ChecklistsTests;
			sourceTree = "<group>";
		};
		E9E886B21AD54E63006ACEDF /* Supporting Files */ = {
			isa = PBXGroup;
			children = (
				E9E886B31AD54E63006ACEDF /* Info.plist */,
			);
			name = "Supporting Files";
			sourceTree = "<group>";
		};
/* End PBXGroup section */

/* Begin PBXNativeTarget section */
		E9E886941AD54E63006ACEDF /* Checklists */ = {
			isa = PBXNativeTarget;
			buildConfigurationList = E9E886B81AD54E63006ACEDF /* Build configuration list for PBXNativeTarget "Checklists" */;
			buildPhases = (
				E9E886911AD54E63006ACEDF /* Sources */,
				E9E886921AD54E63006ACEDF /* Frameworks */,
				E9E886931AD54E63006ACEDF /* Resources */,
			);
			buildRules = (
			);
			dependencies = (
			);
			name = Checklists;
			productName = Checklists;
			productReference = E9E886951AD54E63006ACEDF /* Checklists.app */;
			productType = "com.apple.product-type.application";
		};
		E9E886AD1AD54E63006ACEDF /* ChecklistsTests */ = {
			isa = PBXNativeTarget;
			buildConfigurationList = E9E886BB1AD54E63006ACEDF /* Build configuration list for PBXNativeTarget "ChecklistsTests" */;
			buildPhases = (
				E9E886AA1AD54E63006ACEDF /* Sources */,
				E9E886AB1AD54E63006ACEDF /* Frameworks */,
				E9E886AC1AD54E63006ACEDF /* Resources */,
			);
			buildRules = (
			);
			dependencies = (
				E9E886B01AD54E63006ACEDF /* PBXTargetDependency */,
			);
			name = ChecklistsTests;
			productName = ChecklistsTests;
			productReference = E9E886AE1AD54E63006ACEDF /* ChecklistsTests.xctest */;
			productType = "com.apple.product-type.bundle.unit-test";
		};
/* End PBXNativeTarget section */

/* Begin PBXProject section */
		E9E8868D1AD54E63006ACEDF /* Project object */ = {
			isa = PBXProject;
			attributes = {
				LastUpgradeCheck = 0620;
				ORGANIZATIONNAME = "X-Company";
				TargetAttributes = {
					E9E886941AD54E63006ACEDF = {
						CreatedOnToolsVersion = 6.2;
					};
					E9E886AD1AD54E63006ACEDF = {
						CreatedOnToolsVersion = 6.2;
						TestTargetID = E9E886941AD54E63006ACEDF;
					};
				};
			};
			buildConfigurationList = E9E886901AD54E63006ACEDF /* Build configuration list for PBXProject "Checklists" */;
			compatibilityVersion = "Xcode 3.2";
			developmentRegion = English;
			hasScannedForEncodings = 0;
			knownRegions = (
				en,
				Base,
			);
			mainGroup = E9E8868C1AD54E63006ACEDF;
			productRefGroup = E9E886961AD54E63006ACEDF /* Products */;
			projectDirPath = "";
			projectRoot = "";
			targets = (
				E9E886941AD54E63006ACEDF /* Checklists */,
				E9E886AD1AD54E63006ACEDF /* ChecklistsTests */,
			);
		};
/* End PBXProject section */

/* Begin PBXResourcesBuildPhase section */
		E9E886931AD54E63006ACEDF /* Resources */ = {
			isa = PBXResourcesBuildPhase;
			buildActionMask = 2147483647;
			files = (
				E9E886A41AD54E63006ACEDF /* Main.storyboard in Resources */,
				E9E886A91AD54E63006ACEDF /* LaunchScreen.xib in Resources */,
				E9E886A61AD54E63006ACEDF /* Images.xcassets in Resources */,
			);
			runOnlyForDeploymentPostprocessing = 0;
		};
		E9E886AC1AD54E63006ACEDF /* Resources */ = {
			isa = PBXResourcesBuildPhase;
			buildActionMask = 2147483647;
			files = (
			);
			runOnlyForDeploymentPostprocessing = 0;
		};
/* End PBXResourcesBuildPhase section */

/* Begin PBXSourcesBuildPhase section */
		E9E886911AD54E63006ACEDF /* Sources */ = {
			isa = PBXSourcesBuildPhase;
			buildActionMask = 2147483647;
			files = (
				E9E886A11AD54E63006ACEDF /* ChecklistsViewController.m in Sources */,
				E9E8869E1AD54E63006ACEDF /* AppDelegate.m in Sources */,
				E9E8869B1AD54E63006ACEDF /* main.m in Sources */,
				E922BB191ADA553400EEDA49 /* AddItemViewController.m in Sources */,
				E973504F1AD94E7B00DE3A06 /* ChecklistItem.m in Sources */,
			);
			runOnlyForDeploymentPostprocessing = 0;
		};
		E9E886AA1AD54E63006ACEDF /* Sources */ = {
			isa = PBXSourcesBuildPhase;
			buildActionMask = 2147483647;
			files = (
				E9E886B51AD54E63006ACEDF /* ChecklistsTests.m in Sources */,
			);
			runOnlyForDeploymentPostprocessing = 0;
		};
/* End PBXSourcesBuildPhase section */

/* Begin PBXTargetDependency section */
		E9E886B01AD54E63006ACEDF /* PBXTargetDependency */ = {
			isa = PBXTargetDependency;
			target = E9E886941AD54E63006ACEDF /* Checklists */;
			targetProxy = E9E886AF1AD54E63006ACEDF /* PBXContainerItemProxy */;
		};
/* End PBXTargetDependency section */

/* Begin PBXVariantGroup section */
		E9E886A21AD54E63006ACEDF /* Main.storyboard */ = {
			isa = PBXVariantGroup;
			children = (
				E9E886A31AD54E63006ACEDF /* Base */,
			);
			name = Main.storyboard;
			sourceTree = "<group>";
		};
		E9E886A71AD54E63006ACEDF /* LaunchScreen.xib */ = {
			isa = PBXVariantGroup;
			children = (
				E9E886A81AD54E63006ACEDF /* Base */,
			);
			name = LaunchScreen.xib;
			sourceTree = "<group>";
		};
/* End PBXVariantGroup section */

/* Begin XCBuildConfiguration section */
		E9E886B61AD54E63006ACEDF /* Debug */ = {
			isa = XCBuildConfiguration;
			buildSettings = {
				ALWAYS_SEARCH_USER_PATHS = NO;
				CLANG_CXX_LANGUAGE_STANDARD = "gnu++0x";
				CLANG_CXX_LIBRARY = "libc++";
				CLANG_ENABLE_MODULES = YES;
				CLANG_ENABLE_OBJC_ARC = YES;
				CLANG_WARN_BOOL_CONVERSION = YES;
				CLANG_WARN_CONSTANT_CONVERSION = YES;
				CLANG_WARN_DIRECT_OBJC_ISA_USAGE = YES_ERROR;
				CLANG_WARN_EMPTY_BODY = YES;
				CLANG_WARN_ENUM_CONVERSION = YES;
				CLANG_WARN_INT_CONVERSION = YES;
				CLANG_WARN_OBJC_ROOT_CLASS = YES_ERROR;
				CLANG_WARN_UNREACHABLE_CODE = YES;
				CLANG_WARN__DUPLICATE_METHOD_MATCH = YES;
				"CODE_SIGN_IDENTITY[sdk=iphoneos*]" = "iPhone Developer";
				COPY_PHASE_STRIP = NO;
				ENABLE_STRICT_OBJC_MSGSEND = YES;
				GCC_C_LANGUAGE_STANDARD = gnu99;
				GCC_DYNAMIC_NO_PIC = NO;
				GCC_OPTIMIZATION_LEVEL = 0;
				GCC_PREPROCESSOR_DEFINITIONS = (
					"DEBUG=1",
					"$(inherited)",
				);
				GCC_SYMBOLS_PRIVATE_EXTERN = NO;
				GCC_WARN_64_TO_32_BIT_CONVERSION = YES;
				GCC_WARN_ABOUT_RETURN_TYPE = YES_ERROR;
				GCC_WARN_UNDECLARED_SELECTOR = YES;
				GCC_WARN_UNINITIALIZED_AUTOS = YES_AGGRESSIVE;
				GCC_WARN_UNUSED_FUNCTION = YES;
				GCC_WARN_UNUSED_VARIABLE = YES;
				IPHONEOS_DEPLOYMENT_TARGET = 8.2;
				MTL_ENABLE_DEBUG_INFO = YES;
				ONLY_ACTIVE_ARCH = YES;
				SDKROOT = iphoneos;
			};
			name = Debug;
		};
		E9E886B71AD54E63006ACEDF /* Release */ = {
			isa = XCBuildConfiguration;
			buildSettings = {
				ALWAYS_SEARCH_USER_PATHS = NO;
				CLANG_CXX_LANGUAGE_STANDARD = "gnu++0x";
				CLANG_CXX_LIBRARY = "libc++";
				CLANG_ENABLE_MODULES = YES;
				CLANG_ENABLE_OBJC_ARC = YES;
				CLANG_WARN_BOOL_CONVERSION = YES;
				CLANG_WARN_CONSTANT_CONVERSION = YES;
				CLANG_WARN_DIRECT_OBJC_ISA_USAGE = YES_ERROR;
				CLANG_WARN_EMPTY_BODY = YES;
				CLANG_WARN_ENUM_CONVERSION = YES;
				CLANG_WARN_INT_CONVERSION = YES;
				CLANG_WARN_OBJC_ROOT_CLASS = YES_ERROR;
				CLANG_WARN_UNREACHABLE_CODE = YES;
				CLANG_WARN__DUPLICATE_METHOD_MATCH = YES;
				"CODE_SIGN_IDENTITY[sdk=iphoneos*]" = "iPhone Developer";
				COPY_PHASE_STRIP = NO;
				ENABLE_NS_ASSERTIONS = NO;
				ENABLE_STRICT_OBJC_MSGSEND = YES;
				GCC_C_LANGUAGE_STANDARD = gnu99;
				GCC_WARN_64_TO_32_BIT_CONVERSION = YES;
				GCC_WARN_ABOUT_RETURN_TYPE = YES_ERROR;
				GCC_WARN_UNDECLARED_SELECTOR = YES;
				GCC_WARN_UNINITIALIZED_AUTOS = YES_AGGRESSIVE;
				GCC_WARN_UNUSED_FUNCTION = YES;
				GCC_WARN_UNUSED_VARIABLE = YES;
				IPHONEOS_DEPLOYMENT_TARGET = 8.2;
				MTL_ENABLE_DEBUG_INFO = NO;
				SDKROOT = iphoneos;
				VALIDATE_PRODUCT = YES;
			};
			name = Release;
		};
		E9E886B91AD54E63006ACEDF /* Debug */ = {
			isa = XCBuildConfiguration;
			buildSettings = {
				ASSETCATALOG_COMPILER_APPICON_NAME = AppIcon;
				INFOPLIST_FILE = Checklists/Info.plist;
				LD_RUNPATH_SEARCH_PATHS = "$(inherited) @executable_path/Frameworks";
				PRODUCT_NAME = "$(TARGET_NAME)";
			};
			name = Debug;
		};
		E9E886BA1AD54E63006ACEDF /* Release */ = {
			isa = XCBuildConfiguration;
			buildSettings = {
				ASSETCATALOG_COMPILER_APPICON_NAME = AppIcon;
				INFOPLIST_FILE = Checklists/Info.plist;
				LD_RUNPATH_SEARCH_PATHS = "$(inherited) @executable_path/Frameworks";
				PRODUCT_NAME = "$(TARGET_NAME)";
			};
			name = Release;
		};
		E9E886BC1AD54E63006ACEDF /* Debug */ = {
			isa = XCBuildConfiguration;
			buildSettings = {
				BUNDLE_LOADER = "$(TEST_HOST)";
				FRAMEWORK_SEARCH_PATHS = (
					"$(SDKROOT)/Developer/Library/Frameworks",
					"$(inherited)",
				);
				GCC_PREPROCESSOR_DEFINITIONS = (
					"DEBUG=1",
					"$(inherited)",
				);
				INFOPLIST_FILE = ChecklistsTests/Info.plist;
				LD_RUNPATH_SEARCH_PATHS = "$(inherited) @executable_path/Frameworks @loader_path/Frameworks";
				PRODUCT_NAME = "$(TARGET_NAME)";
				TEST_HOST = "$(BUILT_PRODUCTS_DIR)/Checklists.app/Checklists";
			};
			name = Debug;
		};
		E9E886BD1AD54E63006ACEDF /* Release */ = {
			isa = XCBuildConfiguration;
			buildSettings = {
				BUNDLE_LOADER = "$(TEST_HOST)";
				FRAMEWORK_SEARCH_PATHS = (
					"$(SDKROOT)/Developer/Library/Frameworks",
					"$(inherited)",
				);
				INFOPLIST_FILE = ChecklistsTests/Info.plist;
				LD_RUNPATH_SEARCH_PATHS = "$(inherited) @executable_path/Frameworks @loader_path/Frameworks";
				PRODUCT_NAME = "$(TARGET_NAME)";
				TEST_HOST = "$(BUILT_PRODUCTS_DIR)/Checklists.app/Checklists";
			};
			name = Release;
		};
/* End XCBuildConfiguration section */

/* Begin XCConfigurationList section */
		E9E886901AD54E63006ACEDF /* Build configuration list for PBXProject "Checklists" */ = {
			isa = XCConfigurationList;
			buildConfigurations = (
				E9E886B61AD54E63006ACEDF /* Debug */,
				E9E886B71AD54E63006ACEDF /* Release */,
			);
			defaultConfigurationIsVisible = 0;
			defaultConfigurationName = Release;
		};
		E9E886B81AD54E63006ACEDF /* Build configuration list for PBXNativeTarget "Checklists" */ = {
			isa = XCConfigurationList;
			buildConfigurations = (
				E9E886B91AD54E63006ACEDF /* Debug */,
				E9E886BA1AD54E63006ACEDF /* Release */,
			);
			defaultConfigurationIsVisible = 0;
			defaultConfigurationName = Release;
		};
		E9E886BB1AD54E63006ACEDF /* Build configuration list for PBXNativeTarget "ChecklistsTests" */ = {
			isa = XCConfigurationList;
			buildConfigurations = (
				E9E886BC1AD54E63006ACEDF /* Debug */,
				E9E886BD1AD54E63006ACEDF /* Release */,
			);
			defaultConfigurationIsVisible = 0;
			defaultConfigurationName = Release;
		};
/* End XCConfigurationList section */
	};
	rootObject = E9E8868D1AD54E63006ACEDF /* Project object */;
}
